
Microsoft Visual Studio Solution File, Format Version 12.00
# Visual Studio Version 16
VisualStudioVersion = 16.0.32802.440
MinimumVisualStudioVersion = 10.0.40219.1
Project("{FAE04EC0-301F-11D3-BF4B-00C04F79EFBC}") = "practica 16-09", "practica 16-09\practica 16-09.csproj", "{C65879A9-52BB-402A-8164-ED2DE3B9F70B}"
EndProject
Project("{FAE04EC0-301F-11D3-BF4B-00C04F79EFBC}") = "Ejercicio 2", "Ejercicio 2\Ejercicio 2.csproj", "{683BAE34-DB5C-4D8A-9AAF-6C038C8E1649}"
EndProject
Global
	GlobalSection(SolutionConfigurationPlatforms) = preSolution
		Debug|Any CPU = Debug|Any CPU
		Release|Any CPU = Release|Any CPU
	EndGlobalSection
	GlobalSection(ProjectConfigurationPlatforms) = postSolution
		{C65879A9-52BB-402A-8164-ED2DE3B9F70B}.Debug|Any CPU.ActiveCfg = Debug|Any CPU
		{C65879A9-52BB-402A-8164-ED2DE3B9F70B}.Debug|Any CPU.Build.0 = Debug|Any CPU
		{C65879A9-52BB-402A-8164-ED2DE3B9F70B}.Release|Any CPU.ActiveCfg = Release|Any CPU
		{C65879A9-52BB-402A-8164-ED2DE3B9F70B}.Release|Any CPU.Build.0 = Release|Any CPU
		{683BAE34-DB5C-4D8A-9AAF-6C038C8E1649}.Debug|Any CPU.ActiveCfg = Debug|Any CPU
		{683BAE34-DB5C-4D8A-9AAF-6C038C8E1649}.Debug|Any CPU.Build.0 = Debug|Any CPU
		{683BAE34-DB5C-4D8A-9AAF-6C038C8E1649}.Release|Any CPU.ActiveCfg = Release|Any CPU
		{683BAE34-DB5C-4D8A-9AAF-6C038C8E1649}.Release|Any CPU.Build.0 = Release|Any CPU
	EndGlobalSection
	GlobalSection(SolutionProperties) = preSolution
		HideSolutionNode = FALSE
	EndGlobalSection
	GlobalSection(ExtensibilityGlobals) = postSolution
		SolutionGuid = {8520E2B5-E8BA-4F99-AA98-E7A4EFB6B652}
	EndGlobalSection
EndGlobal
